
Microsoft Visual Studio Solution File, Format Version 12.00
# Visual Studio Version 17
VisualStudioVersion = 17.0.32112.339
MinimumVisualStudioVersion = 10.0.40219.1
Project("{9A19103F-16F7-4668-BE54-9A1E7A4F7556}") = "1_MethodOverloading", "1_MethodOverloading\1_MethodOverloading.csproj", "{AB8811CE-66A8-47B5-9E4A-BD79DD29DA43}"
EndProject
Project("{FAE04EC0-301F-11D3-BF4B-00C04F79EFBC}") = "2_ConstructorOverloading", "2_ConstructorOverloading\2_ConstructorOverloading.csproj", "{1E2BA7EA-B7B4-43AA-AF4A-89342AB72B7D}"
EndProject
Project("{FAE04EC0-301F-11D3-BF4B-00C04F79EFBC}") = "3_OperationOverloading", "3_OperationOverloading\3_OperationOverloading.csproj", "{0E5282F2-B84A-477A-9C1D-CB6DEED21243}"
EndProject
Project("{FAE04EC0-301F-11D3-BF4B-00C04F79EFBC}") = "Zadanie", "Zadanie\Zadanie.csproj", "{3F27101D-A999-4121-8E96-8DEF00B259CE}"
EndProject
Global
	GlobalSection(SolutionConfigurationPlatforms) = preSolution
		Debug|Any CPU = Debug|Any CPU
		Release|Any CPU = Release|Any CPU
	EndGlobalSection
	GlobalSection(ProjectConfigurationPlatforms) = postSolution
		{AB8811CE-66A8-47B5-9E4A-BD79DD29DA43}.Debug|Any CPU.ActiveCfg = Debug|Any CPU
		{AB8811CE-66A8-47B5-9E4A-BD79DD29DA43}.Debug|Any CPU.Build.0 = Debug|Any CPU
		{AB8811CE-66A8-47B5-9E4A-BD79DD29DA43}.Release|Any CPU.ActiveCfg = Release|Any CPU
		{AB8811CE-66A8-47B5-9E4A-BD79DD29DA43}.Release|Any CPU.Build.0 = Release|Any CPU
		{1E2BA7EA-B7B4-43AA-AF4A-89342AB72B7D}.Debug|Any CPU.ActiveCfg = Debug|Any CPU
		{1E2BA7EA-B7B4-43AA-AF4A-89342AB72B7D}.Debug|Any CPU.Build.0 = Debug|Any CPU
		{1E2BA7EA-B7B4-43AA-AF4A-89342AB72B7D}.Release|Any CPU.ActiveCfg = Release|Any CPU
		{1E2BA7EA-B7B4-43AA-AF4A-89342AB72B7D}.Release|Any CPU.Build.0 = Release|Any CPU
		{0E5282F2-B84A-477A-9C1D-CB6DEED21243}.Debug|Any CPU.ActiveCfg = Debug|Any CPU
		{0E5282F2-B84A-477A-9C1D-CB6DEED21243}.Debug|Any CPU.Build.0 = Debug|Any CPU
		{0E5282F2-B84A-477A-9C1D-CB6DEED21243}.Release|Any CPU.ActiveCfg = Release|Any CPU
		{0E5282F2-B84A-477A-9C1D-CB6DEED21243}.Release|Any CPU.Build.0 = Release|Any CPU
		{3F27101D-A999-4121-8E96-8DEF00B259CE}.Debug|Any CPU.ActiveCfg = Debug|Any CPU
		{3F27101D-A999-4121-8E96-8DEF00B259CE}.Debug|Any CPU.Build.0 = Debug|Any CPU
		{3F27101D-A999-4121-8E96-8DEF00B259CE}.Release|Any CPU.ActiveCfg = Release|Any CPU
		{3F27101D-A999-4121-8E96-8DEF00B259CE}.Release|Any CPU.Build.0 = Release|Any CPU
	EndGlobalSection
	GlobalSection(SolutionProperties) = preSolution
		HideSolutionNode = FALSE
	EndGlobalSection
	GlobalSection(ExtensibilityGlobals) = postSolution
		SolutionGuid = {D48E0F68-5364-4B30-8AD4-18BA1FCB0B50}
	EndGlobalSection
EndGlobal
